
Microsoft Visual Studio Solution File, Format Version 12.00
# Visual Studio Version 17
VisualStudioVersion = 17.13.35931.197 d17.13
MinimumVisualStudioVersion = 10.0.40219.1
Project("{8BC9CEB8-8B4A-11D0-8D11-00A0C91BC942}") = "Lab1_U1_Cardenas_Andres_Computacion_Paralela", "Lab1_U1_Cardenas_Andres_Computacion_Paralela\Lab1_U1_Cardenas_Andres_Computacion_Paralela.vcxproj", "{13950DFA-D673-449F-A6E2-1EAAEB7F18B5}"
EndProject
Global
	GlobalSection(SolutionConfigurationPlatforms) = preSolution
		Debug|x64 = Debug|x64
		Debug|x86 = Debug|x86
		Release|x64 = Release|x64
		Release|x86 = Release|x86
	EndGlobalSection
	GlobalSection(ProjectConfigurationPlatforms) = postSolution
		{13950DFA-D673-449F-A6E2-1EAAEB7F18B5}.Debug|x64.ActiveCfg = Debug|x64
		{13950DFA-D673-449F-A6E2-1EAAEB7F18B5}.Debug|x64.Build.0 = Debug|x64
		{13950DFA-D673-449F-A6E2-1EAAEB7F18B5}.Debug|x86.ActiveCfg = Debug|Win32
		{13950DFA-D673-449F-A6E2-1EAAEB7F18B5}.Debug|x86.Build.0 = Debug|Win32
		{13950DFA-D673-449F-A6E2-1EAAEB7F18B5}.Release|x64.ActiveCfg = Release|x64
		{13950DFA-D673-449F-A6E2-1EAAEB7F18B5}.Release|x64.Build.0 = Release|x64
		{13950DFA-D673-449F-A6E2-1EAAEB7F18B5}.Release|x86.ActiveCfg = Release|Win32
		{13950DFA-D673-449F-A6E2-1EAAEB7F18B5}.Release|x86.Build.0 = Release|Win32
	EndGlobalSection
	GlobalSection(SolutionProperties) = preSolution
		HideSolutionNode = FALSE
	EndGlobalSection
	GlobalSection(ExtensibilityGlobals) = postSolution
		SolutionGuid = {96B0853F-7731-49F0-B48F-DCCD602B9D5C}
	EndGlobalSection
EndGlobal
